github.com/tdewolff/minify/v2 v2.24.8 h1:58/VjsbevI4d5FGV0ZSuBrHMSSkH4MCH0sIz/eKIauE=
github.com/tdewolff/minify/v2 v2.24.8/go.mod h1:0Ukj0CRpo/sW/nd8uZ4ccXaV1rEVIWA3dj8U7+Shhfw=
github.com/tdewolff/parse/v2 v2.8.5 h1:ZmBiA/8Do5Rpk7bDye0jbbDUpXXbCdc3iah4VeUvwYU=
github.com/tdewolff/parse/v2 v2.8.5/go.mod h1:Hwlni2tiVNKyzR1o6nUs4FOF07URA+JLBLd6dlIXYqo=
github.com/tdewolff/test v1.0.11 h1:FdLbwQVHxqG16SlkGveC0JVyrJN62COWTRyUFzfbtBE=
github.com/tdewolff/test v1.0.11/go.mod h1:XPuWBzvdUzhCuxWO1ojpXsyzsA5bFoS3tO/Q3kFuTG8=
github.com/tinywasm/context v0.0.18 h1:uKeiAFo6L/PikGSbUu+xcyELGoa4kXomDNwJOlhxrUE=
github.com/tinywasm/context v0.0.18/go.mod h1:3AHZHMiiVZljEGNuYMaLM2OXdZ3bXjoMCmqx3sEGXsA=
github.com/tinywasm/css v0.1.2 h1:uHo47WjORHJcwb0+kn9g9iHajR0TLuWK8ot6O+NR54k=
github.com/tinywasm/css v0.1.2/go.mod h1:8Vio+yx+M8T+cjMUszJeaU1jB+icFrenoa3iGML/G+o=
github.com/tinywasm/fetch v0.1.24 h1:UynB2NPPgYrwcRx6ZujkRUTlfUUkNs60J0O63/1FmAs=
github.com/tinywasm/fetch v0.1.24/go.mod h1:Hx9bkdjC5fcf++EWjHKUzEn2OZpUbfoXNQV8tbdC5SI=
github.com/tinywasm/fmt v0.23.10 h1:hBvPf6ogBR3zYTYjlnnogEzyzZvtjRGOqmYmL5ZRoCU=
github.com/tinywasm/fmt v0.23.10/go.mod h1:L2GCAi6asgytPV6TVvGrRq5Ml+DkUt1Ijo5i/2J1jOY=
github.com/tinywasm/js v0.0.3 h1:rbBY+TQxcBxnbl93kg2F9nx8sS1haTHbV/YUeGkMpzU=
github.com/tinywasm/js v0.0.3/go.mod h1:+DFH6df7LU566GHGCmfnAkfUq5SLu860c+ydaKMx73E=
