github.com/tdewolff/minify/v2 v2.23.11 h1:cZqTVCtuVvPC8/GbCvYgIcdAQGmoxEObZzKeKIUixTE=
github.com/tdewolff/minify/v2 v2.23.11/go.mod h1:vmkbfGQ5hp/eYB+TswNWKma67S0a+32HBL+mFWxjZ2Q=
github.com/tdewolff/minify/v2 v2.24.8 h1:58/VjsbevI4d5FGV0ZSuBrHMSSkH4MCH0sIz/eKIauE=
github.com/tdewolff/minify/v2 v2.24.8/go.mod h1:0Ukj0CRpo/sW/nd8uZ4ccXaV1rEVIWA3dj8U7+Shhfw=
github.com/tdewolff/parse/v2 v2.8.2-0.20250806174018-50048bb39781 h1:2qicgFovKg1XtX7Wf6GwexUdpb7q/jMIE2IgkYsVAvE=
github.com/tdewolff/parse/v2 v2.8.2-0.20250806174018-50048bb39781/go.mod h1:Hwlni2tiVNKyzR1o6nUs4FOF07URA+JLBLd6dlIXYqo=
github.com/tdewolff/parse/v2 v2.8.5 h1:ZmBiA/8Do5Rpk7bDye0jbbDUpXXbCdc3iah4VeUvwYU=
github.com/tdewolff/parse/v2 v2.8.5/go.mod h1:Hwlni2tiVNKyzR1o6nUs4FOF07URA+JLBLd6dlIXYqo=
github.com/tdewolff/test v1.0.11 h1:FdLbwQVHxqG16SlkGveC0JVyrJN62COWTRyUFzfbtBE=
github.com/tdewolff/test v1.0.11/go.mod h1:XPuWBzvdUzhCuxWO1ojpXsyzsA5bFoS3tO/Q3kFuTG8=
